dependencies:
- name: backend
  repository: file://../charts/backend
  version: 0.1.0
- name: frontend
  repository: file://../charts/frontend
  version: 0.1.0
- name: collector
  repository: file://../charts/collector
  version: 0.1.0
- name: postgresql
  repository: https://charts.bitnami.com/bitnami
  version: 18.2.4
- name: kafka
  repository: https://charts.bitnami.com/bitnami
  version: 31.5.0
digest: sha256:2f3fd7f010726993883da4f976d10c7298fe22c8e7b0dddc0a60d85996b1ecf7
generated: "2026-03-06T09:30:18.288729+01:00"
