dependencies:
- name: backend
  repository: file://../charts/backend
  version: 0.1.0
- name: frontend
  repository: file://../charts/frontend
  version: 0.1.0
- name: collector
  repository: file://../charts/collector
  version: 0.1.0
- name: postgresql
  repository: https://charts.bitnami.com/bitnami
  version: 16.7.27
- name: kafka
  repository: https://charts.bitnami.com/bitnami
  version: 31.5.0
digest: sha256:21a565ea79022b0decedd458e708bdba44d60b0f44b3ed059bd5b974504b8896
generated: "2026-02-09T01:08:34.364766+01:00"
